
Microsoft Visual Studio Solution File, Format Version 12.00
# Visual Studio Version 17
VisualStudioVersion = 17.12.35527.113
MinimumVisualStudioVersion = 10.0.40219.1
Project("{2150E333-8FDC-42A3-9474-1A3956D46DE8}") = "src", "src", "{392BC848-1B80-4756-A9EB-131C9094CE5D}"
EndProject
Project("{2150E333-8FDC-42A3-9474-1A3956D46DE8}") = "test", "test", "{50B37F17-8874-45AB-8912-E7ADF0E8BF58}"
EndProject
Project("{2150E333-8FDC-42A3-9474-1A3956D46DE8}") = "pkg", "pkg", "{9290E52A-388A-4ACA-A5BD-658202D8FD05}"
EndProject
Project("{2150E333-8FDC-42A3-9474-1A3956D46DE8}") = "1-Domain", "1-Domain", "{BB262E19-0BC3-4596-8023-5D4C09B3876C}"
EndProject
Project("{2150E333-8FDC-42A3-9474-1A3956D46DE8}") = "Core", "Core", "{E0B8700F-3498-4221-98FE-C6FE8999F1B4}"
EndProject
Project("{2150E333-8FDC-42A3-9474-1A3956D46DE8}") = "Services", "Services", "{A6FBEFB8-8182-4F0C-B15F-82435989B219}"
EndProject
Project("{FAE04EC0-301F-11D3-BF4B-00C04F79EFBC}") = "App.Domain.Core", "src\1-Domain\Core\App.Domain.Core\App.Domain.Core.csproj", "{862EFBE6-13DA-436D-BDE1-3292BFEB0741}"
EndProject
Project("{2150E333-8FDC-42A3-9474-1A3956D46DE8}") = "2-Infrastructure", "2-Infrastructure", "{697AD8A8-2081-44FE-A535-02671142335F}"
EndProject
Project("{2150E333-8FDC-42A3-9474-1A3956D46DE8}") = "Data", "Data", "{C47A14A7-1978-4BE9-ACAA-6B9978B9FC65}"
EndProject
Project("{FAE04EC0-301F-11D3-BF4B-00C04F79EFBC}") = "App.Infrastructure.Db.SqlServer.Ef", "src\2-Infrastructure\Data\App.Infrastructure.Db.SqlServer.Ef\App.Infrastructure.Db.SqlServer.Ef.csproj", "{E759D1D7-A573-4160-B7DA-F162ACF8FE5B}"
EndProject
Project("{2150E333-8FDC-42A3-9474-1A3956D46DE8}") = "ِDataAccess", "ِDataAccess", "{F162D6B7-072E-49A6-8685-F2B7267B63AC}"
EndProject
Project("{FAE04EC0-301F-11D3-BF4B-00C04F79EFBC}") = "App.Infrastructure.DbAccess.Repository.Ef", "src\2-Infrastructure\DataAccess\App.Infrastructure.DbAccess.Repository.Ef\App.Infrastructure.DbAccess.Repository.Ef.csproj", "{0AD91B86-2D34-4994-A4EE-450E7D4F14E2}"
EndProject
Project("{2150E333-8FDC-42A3-9474-1A3956D46DE8}") = "0-Framework", "0-Framework", "{48EC4D58-4578-4FAD-AB38-B2F813ED51AB}"
EndProject
Project("{2150E333-8FDC-42A3-9474-1A3956D46DE8}") = "3-EndPoints", "3-EndPoints", "{DAD5C6D3-6DE7-41C6-BFB1-7C96A9743821}"
EndProject
Project("{FAE04EC0-301F-11D3-BF4B-00C04F79EFBC}") = "App.Endpoints.MVC", "src\3-EndPoints\App.Endpoints.MVC\App.Endpoints.MVC\App.Endpoints.MVC.csproj", "{C4F48E4D-CBA7-4179-9BE8-47C1329AA0DF}"
EndProject
Project("{FAE04EC0-301F-11D3-BF4B-00C04F79EFBC}") = "HomeService.Domain.Services", "src\1-Domain\Services\HomeService.Domain.Services\HomeService.Domain.Services.csproj", "{74830173-0B31-4845-A001-325804D255E7}"
EndProject
Project("{FAE04EC0-301F-11D3-BF4B-00C04F79EFBC}") = "HomeService.Domain.AppServices", "src\1-Domain\Services\HomeService.Domain.AppServices\HomeService.Domain.AppServices.csproj", "{C70A562E-7C6B-4417-B533-25014E2E7B8E}"
EndProject
Global
	GlobalSection(SolutionConfigurationPlatforms) = preSolution
		Debug|Any CPU = Debug|Any CPU
		Release|Any CPU = Release|Any CPU
	EndGlobalSection
	GlobalSection(ProjectConfigurationPlatforms) = postSolution
		{862EFBE6-13DA-436D-BDE1-3292BFEB0741}.Debug|Any CPU.ActiveCfg = Debug|Any CPU
		{862EFBE6-13DA-436D-BDE1-3292BFEB0741}.Debug|Any CPU.Build.0 = Debug|Any CPU
		{862EFBE6-13DA-436D-BDE1-3292BFEB0741}.Release|Any CPU.ActiveCfg = Release|Any CPU
		{862EFBE6-13DA-436D-BDE1-3292BFEB0741}.Release|Any CPU.Build.0 = Release|Any CPU
		{E759D1D7-A573-4160-B7DA-F162ACF8FE5B}.Debug|Any CPU.ActiveCfg = Debug|Any CPU
		{E759D1D7-A573-4160-B7DA-F162ACF8FE5B}.Debug|Any CPU.Build.0 = Debug|Any CPU
		{E759D1D7-A573-4160-B7DA-F162ACF8FE5B}.Release|Any CPU.ActiveCfg = Release|Any CPU
		{E759D1D7-A573-4160-B7DA-F162ACF8FE5B}.Release|Any CPU.Build.0 = Release|Any CPU
		{0AD91B86-2D34-4994-A4EE-450E7D4F14E2}.Debug|Any CPU.ActiveCfg = Debug|Any CPU
		{0AD91B86-2D34-4994-A4EE-450E7D4F14E2}.Debug|Any CPU.Build.0 = Debug|Any CPU
		{0AD91B86-2D34-4994-A4EE-450E7D4F14E2}.Release|Any CPU.ActiveCfg = Release|Any CPU
		{0AD91B86-2D34-4994-A4EE-450E7D4F14E2}.Release|Any CPU.Build.0 = Release|Any CPU
		{C4F48E4D-CBA7-4179-9BE8-47C1329AA0DF}.Debug|Any CPU.ActiveCfg = Debug|Any CPU
		{C4F48E4D-CBA7-4179-9BE8-47C1329AA0DF}.Debug|Any CPU.Build.0 = Debug|Any CPU
		{C4F48E4D-CBA7-4179-9BE8-47C1329AA0DF}.Release|Any CPU.ActiveCfg = Release|Any CPU
		{C4F48E4D-CBA7-4179-9BE8-47C1329AA0DF}.Release|Any CPU.Build.0 = Release|Any CPU
		{74830173-0B31-4845-A001-325804D255E7}.Debug|Any CPU.ActiveCfg = Debug|Any CPU
		{74830173-0B31-4845-A001-325804D255E7}.Debug|Any CPU.Build.0 = Debug|Any CPU
		{74830173-0B31-4845-A001-325804D255E7}.Release|Any CPU.ActiveCfg = Release|Any CPU
		{74830173-0B31-4845-A001-325804D255E7}.Release|Any CPU.Build.0 = Release|Any CPU
		{C70A562E-7C6B-4417-B533-25014E2E7B8E}.Debug|Any CPU.ActiveCfg = Debug|Any CPU
		{C70A562E-7C6B-4417-B533-25014E2E7B8E}.Debug|Any CPU.Build.0 = Debug|Any CPU
		{C70A562E-7C6B-4417-B533-25014E2E7B8E}.Release|Any CPU.ActiveCfg = Release|Any CPU
		{C70A562E-7C6B-4417-B533-25014E2E7B8E}.Release|Any CPU.Build.0 = Release|Any CPU
	EndGlobalSection
	GlobalSection(SolutionProperties) = preSolution
		HideSolutionNode = FALSE
	EndGlobalSection
	GlobalSection(NestedProjects) = preSolution
		{BB262E19-0BC3-4596-8023-5D4C09B3876C} = {392BC848-1B80-4756-A9EB-131C9094CE5D}
		{E0B8700F-3498-4221-98FE-C6FE8999F1B4} = {BB262E19-0BC3-4596-8023-5D4C09B3876C}
		{A6FBEFB8-8182-4F0C-B15F-82435989B219} = {BB262E19-0BC3-4596-8023-5D4C09B3876C}
		{862EFBE6-13DA-436D-BDE1-3292BFEB0741} = {E0B8700F-3498-4221-98FE-C6FE8999F1B4}
		{697AD8A8-2081-44FE-A535-02671142335F} = {392BC848-1B80-4756-A9EB-131C9094CE5D}
		{C47A14A7-1978-4BE9-ACAA-6B9978B9FC65} = {697AD8A8-2081-44FE-A535-02671142335F}
		{E759D1D7-A573-4160-B7DA-F162ACF8FE5B} = {C47A14A7-1978-4BE9-ACAA-6B9978B9FC65}
		{F162D6B7-072E-49A6-8685-F2B7267B63AC} = {697AD8A8-2081-44FE-A535-02671142335F}
		{0AD91B86-2D34-4994-A4EE-450E7D4F14E2} = {F162D6B7-072E-49A6-8685-F2B7267B63AC}
		{48EC4D58-4578-4FAD-AB38-B2F813ED51AB} = {392BC848-1B80-4756-A9EB-131C9094CE5D}
		{DAD5C6D3-6DE7-41C6-BFB1-7C96A9743821} = {392BC848-1B80-4756-A9EB-131C9094CE5D}
		{C4F48E4D-CBA7-4179-9BE8-47C1329AA0DF} = {DAD5C6D3-6DE7-41C6-BFB1-7C96A9743821}
		{74830173-0B31-4845-A001-325804D255E7} = {A6FBEFB8-8182-4F0C-B15F-82435989B219}
		{C70A562E-7C6B-4417-B533-25014E2E7B8E} = {A6FBEFB8-8182-4F0C-B15F-82435989B219}
	EndGlobalSection
EndGlobal
